
Microsoft Visual Studio Solution File, Format Version 12.00
# Visual Studio Version 17
VisualStudioVersion = 17.6.33723.286
MinimumVisualStudioVersion = 10.0.40219.1
Project("{FAE04EC0-301F-11D3-BF4B-00C04F79EFBC}") = "ElevatorHandler", "ElevatorHandler.csproj", "{160BEAB9-5BD9-46FC-9095-B9C7AFF7A548}"
EndProject
Global
	GlobalSection(SolutionConfigurationPlatforms) = preSolution
		Debug|Any CPU = Debug|Any CPU
		Release|Any CPU = Release|Any CPU
	EndGlobalSection
	GlobalSection(ProjectConfigurationPlatforms) = postSolution
		{160BEAB9-5BD9-46FC-9095-B9C7AFF7A548}.Debug|Any CPU.ActiveCfg = Debug|Any CPU
		{160BEAB9-5BD9-46FC-9095-B9C7AFF7A548}.Debug|Any CPU.Build.0 = Debug|Any CPU
		{160BEAB9-5BD9-46FC-9095-B9C7AFF7A548}.Release|Any CPU.ActiveCfg = Release|Any CPU
		{160BEAB9-5BD9-46FC-9095-B9C7AFF7A548}.Release|Any CPU.Build.0 = Release|Any CPU
	EndGlobalSection
	GlobalSection(SolutionProperties) = preSolution
		HideSolutionNode = FALSE
	EndGlobalSection
	GlobalSection(ExtensibilityGlobals) = postSolution
		SolutionGuid = {D0325600-2998-4857-974D-522801ADA5D0}
	EndGlobalSection
EndGlobal
